
Microsoft Visual Studio Solution File, Format Version 12.00
Project("{F2A71F9B-5D33-465A-A702-920D77279786}") = "TypeShapeTry", "TypeShapeTry\TypeShapeTry.fsproj", "{429CA097-7E10-47FB-A42E-872CC6D1C5B7}"
EndProject
Global
	GlobalSection(SolutionConfigurationPlatforms) = preSolution
		Debug|Any CPU = Debug|Any CPU
		Release|Any CPU = Release|Any CPU
	EndGlobalSection
	GlobalSection(ProjectConfigurationPlatforms) = postSolution
		{429CA097-7E10-47FB-A42E-872CC6D1C5B7}.Debug|Any CPU.ActiveCfg = Debug|Any CPU
		{429CA097-7E10-47FB-A42E-872CC6D1C5B7}.Debug|Any CPU.Build.0 = Debug|Any CPU
		{429CA097-7E10-47FB-A42E-872CC6D1C5B7}.Release|Any CPU.ActiveCfg = Release|Any CPU
		{429CA097-7E10-47FB-A42E-872CC6D1C5B7}.Release|Any CPU.Build.0 = Release|Any CPU
	EndGlobalSection
EndGlobal
